
Microsoft Visual Studio Solution File, Format Version 12.00
# Visual Studio Version 16
VisualStudioVersion = 16.0.30523.141
MinimumVisualStudioVersion = 10.0.40219.1
Project("{9A19103F-16F7-4668-BE54-9A1E7A4F7556}") = "MoviesApi", "MoviesApi\MoviesApi.csproj", "{1E4BA90D-CAC2-4E7D-BEC2-D30954718736}"
EndProject
Project("{9A19103F-16F7-4668-BE54-9A1E7A4F7556}") = "Common", "Common\Common.csproj", "{06F0F209-862E-4992-9259-ECCDCDA775B0}"
EndProject
Project("{FAE04EC0-301F-11D3-BF4B-00C04F79EFBC}") = "ActorsApi", "ActorsApi\ActorsApi.csproj", "{2D516E4E-9467-42B9-988A-2A288F27D8BE}"
EndProject
Project("{FAE04EC0-301F-11D3-BF4B-00C04F79EFBC}") = "ApiGateway", "ApiGateway\ApiGateway.csproj", "{CBCC020B-1B47-4DB5-ACC9-B9F65D22F312}"
EndProject
Global
	GlobalSection(SolutionConfigurationPlatforms) = preSolution
		Debug|Any CPU = Debug|Any CPU
		Release|Any CPU = Release|Any CPU
	EndGlobalSection
	GlobalSection(ProjectConfigurationPlatforms) = postSolution
		{1E4BA90D-CAC2-4E7D-BEC2-D30954718736}.Debug|Any CPU.ActiveCfg = Debug|Any CPU
		{1E4BA90D-CAC2-4E7D-BEC2-D30954718736}.Debug|Any CPU.Build.0 = Debug|Any CPU
		{1E4BA90D-CAC2-4E7D-BEC2-D30954718736}.Release|Any CPU.ActiveCfg = Release|Any CPU
		{1E4BA90D-CAC2-4E7D-BEC2-D30954718736}.Release|Any CPU.Build.0 = Release|Any CPU
		{06F0F209-862E-4992-9259-ECCDCDA775B0}.Debug|Any CPU.ActiveCfg = Debug|Any CPU
		{06F0F209-862E-4992-9259-ECCDCDA775B0}.Debug|Any CPU.Build.0 = Debug|Any CPU
		{06F0F209-862E-4992-9259-ECCDCDA775B0}.Release|Any CPU.ActiveCfg = Release|Any CPU
		{06F0F209-862E-4992-9259-ECCDCDA775B0}.Release|Any CPU.Build.0 = Release|Any CPU
		{2D516E4E-9467-42B9-988A-2A288F27D8BE}.Debug|Any CPU.ActiveCfg = Debug|Any CPU
		{2D516E4E-9467-42B9-988A-2A288F27D8BE}.Debug|Any CPU.Build.0 = Debug|Any CPU
		{2D516E4E-9467-42B9-988A-2A288F27D8BE}.Release|Any CPU.ActiveCfg = Release|Any CPU
		{2D516E4E-9467-42B9-988A-2A288F27D8BE}.Release|Any CPU.Build.0 = Release|Any CPU
		{CBCC020B-1B47-4DB5-ACC9-B9F65D22F312}.Debug|Any CPU.ActiveCfg = Debug|Any CPU
		{CBCC020B-1B47-4DB5-ACC9-B9F65D22F312}.Debug|Any CPU.Build.0 = Debug|Any CPU
		{CBCC020B-1B47-4DB5-ACC9-B9F65D22F312}.Release|Any CPU.ActiveCfg = Release|Any CPU
		{CBCC020B-1B47-4DB5-ACC9-B9F65D22F312}.Release|Any CPU.Build.0 = Release|Any CPU
	EndGlobalSection
	GlobalSection(SolutionProperties) = preSolution
		HideSolutionNode = FALSE
	EndGlobalSection
	GlobalSection(ExtensibilityGlobals) = postSolution
		SolutionGuid = {054A1697-B3D3-4279-9413-AB8A154DC8DE}
	EndGlobalSection
EndGlobal
